
Microsoft Visual Studio Solution File, Format Version 12.00
# Visual Studio Version 16
VisualStudioVersion = 16.0.29905.134
MinimumVisualStudioVersion = 10.0.40219.1
Project("{FAE04EC0-301F-11D3-BF4B-00C04F79EFBC}") = "NillertronNotes2.0", "NillertronNotes2.0\NillertronNotes2.0.csproj", "{B29AB145-5F2C-45CB-86FA-AAF921AB4720}"
EndProject
Global
	GlobalSection(SolutionConfigurationPlatforms) = preSolution
		Debug|Any CPU = Debug|Any CPU
		Release|Any CPU = Release|Any CPU
	EndGlobalSection
	GlobalSection(ProjectConfigurationPlatforms) = postSolution
		{B29AB145-5F2C-45CB-86FA-AAF921AB4720}.Debug|Any CPU.ActiveCfg = Debug|Any CPU
		{B29AB145-5F2C-45CB-86FA-AAF921AB4720}.Debug|Any CPU.Build.0 = Debug|Any CPU
		{B29AB145-5F2C-45CB-86FA-AAF921AB4720}.Release|Any CPU.ActiveCfg = Release|Any CPU
		{B29AB145-5F2C-45CB-86FA-AAF921AB4720}.Release|Any CPU.Build.0 = Release|Any CPU
	EndGlobalSection
	GlobalSection(SolutionProperties) = preSolution
		HideSolutionNode = FALSE
	EndGlobalSection
	GlobalSection(ExtensibilityGlobals) = postSolution
		SolutionGuid = {D66CCFBE-5870-4E3A-B9E9-EF824CCA0BE8}
	EndGlobalSection
EndGlobal
